{
  "name": "stealify-examples",
  "version": "0.0.0-pre0",
  "lockfileVersion": 1,
  "requires": true,
  "dependencies": {
    "@direktspeed/stream": {
      "version": "0.0.17",
      "resolved": "https://registry.npmjs.org/@direktspeed/stream/-/stream-0.0.17.tgz",
      "integrity": "sha512-21qfHDdY29Z0zEpkTyhOTvR4Jh6W3T6g0ZGC9iBIP5wU78RfGGWJGSkRRiqBoKvUx/i8S/ShIYPzYWA8TibPQA=="
    }
  }
}
